
Microsoft Visual Studio Solution File, Format Version 12.00
# Visual Studio Version 16
VisualStudioVersion = 16.0.31112.23
MinimumVisualStudioVersion = 10.0.40219.1
Project("{9A19103F-16F7-4668-BE54-9A1E7A4F7556}") = "YTMusicMod", "YTMusicMod.csproj", "{5F3B62F2-D94A-4C14-8D11-480BE7672F02}"
EndProject
Project("{9A19103F-16F7-4668-BE54-9A1E7A4F7556}") = "YTModTesting", "..\YTModTesting\YTModTesting.csproj", "{355CCA14-E648-4323-B9AA-84E688CD0A14}"
EndProject
Project("{9A19103F-16F7-4668-BE54-9A1E7A4F7556}") = "YTMusicApp", "..\YTMusicApp\YTMusicApp.csproj", "{BD26C9D8-6AE7-4621-9A4C-AEB9C713C218}"
EndProject
Global
	GlobalSection(SolutionConfigurationPlatforms) = preSolution
		Debug|Any CPU = Debug|Any CPU
		Release|Any CPU = Release|Any CPU
	EndGlobalSection
	GlobalSection(ProjectConfigurationPlatforms) = postSolution
		{5F3B62F2-D94A-4C14-8D11-480BE7672F02}.Debug|Any CPU.ActiveCfg = Debug|Any CPU
		{5F3B62F2-D94A-4C14-8D11-480BE7672F02}.Debug|Any CPU.Build.0 = Debug|Any CPU
		{5F3B62F2-D94A-4C14-8D11-480BE7672F02}.Release|Any CPU.ActiveCfg = Release|Any CPU
		{5F3B62F2-D94A-4C14-8D11-480BE7672F02}.Release|Any CPU.Build.0 = Release|Any CPU
		{355CCA14-E648-4323-B9AA-84E688CD0A14}.Debug|Any CPU.ActiveCfg = Debug|Any CPU
		{355CCA14-E648-4323-B9AA-84E688CD0A14}.Debug|Any CPU.Build.0 = Debug|Any CPU
		{355CCA14-E648-4323-B9AA-84E688CD0A14}.Release|Any CPU.ActiveCfg = Release|Any CPU
		{355CCA14-E648-4323-B9AA-84E688CD0A14}.Release|Any CPU.Build.0 = Release|Any CPU
		{BD26C9D8-6AE7-4621-9A4C-AEB9C713C218}.Debug|Any CPU.ActiveCfg = Debug|Any CPU
		{BD26C9D8-6AE7-4621-9A4C-AEB9C713C218}.Debug|Any CPU.Build.0 = Debug|Any CPU
		{BD26C9D8-6AE7-4621-9A4C-AEB9C713C218}.Release|Any CPU.ActiveCfg = Release|Any CPU
		{BD26C9D8-6AE7-4621-9A4C-AEB9C713C218}.Release|Any CPU.Build.0 = Release|Any CPU
	EndGlobalSection
	GlobalSection(SolutionProperties) = preSolution
		HideSolutionNode = FALSE
	EndGlobalSection
	GlobalSection(ExtensibilityGlobals) = postSolution
		SolutionGuid = {7007B93E-E059-42E3-9508-F8C6904932FB}
	EndGlobalSection
EndGlobal
